
Microsoft Visual Studio Solution File, Format Version 12.00
# Visual Studio Version 17
VisualStudioVersion = 17.9.34728.123
MinimumVisualStudioVersion = 10.0.40219.1
Project("{FAE04EC0-301F-11D3-BF4B-00C04F79EFBC}") = "Disaster-Guide", "Disaster-Guide.csproj", "{25A722C1-942C-4D02-8BC1-45C5ACA66F64}"
EndProject
Global
	GlobalSection(SolutionConfigurationPlatforms) = preSolution
		Debug|Any CPU = Debug|Any CPU
		Release|Any CPU = Release|Any CPU
	EndGlobalSection
	GlobalSection(ProjectConfigurationPlatforms) = postSolution
		{25A722C1-942C-4D02-8BC1-45C5ACA66F64}.Debug|Any CPU.ActiveCfg = Debug|Any CPU
		{25A722C1-942C-4D02-8BC1-45C5ACA66F64}.Debug|Any CPU.Build.0 = Debug|Any CPU
		{25A722C1-942C-4D02-8BC1-45C5ACA66F64}.Release|Any CPU.ActiveCfg = Release|Any CPU
		{25A722C1-942C-4D02-8BC1-45C5ACA66F64}.Release|Any CPU.Build.0 = Release|Any CPU
	EndGlobalSection
	GlobalSection(SolutionProperties) = preSolution
		HideSolutionNode = FALSE
	EndGlobalSection
	GlobalSection(ExtensibilityGlobals) = postSolution
		SolutionGuid = {CBAF732C-7F8B-4398-A936-06AD290455A7}
	EndGlobalSection
EndGlobal
